
Microsoft Visual Studio Solution File, Format Version 12.00
# Visual Studio 14
VisualStudioVersion = 14.0.23107.0
MinimumVisualStudioVersion = 10.0.40219.1
Project("{FAE04EC0-301F-11D3-BF4B-00C04F79EFBC}") = "Demo8_1", "Demo8_1\Demo8_1.csproj", "{A1564543-13DA-40C1-A972-BAA42D047B63}"
EndProject
Project("{FAE04EC0-301F-11D3-BF4B-00C04F79EFBC}") = "Demo8_2", "Demo8_2\Demo8_2.csproj", "{684555A9-1E38-4DEE-8FDF-790CC8347A7E}"
EndProject
Project("{FAE04EC0-301F-11D3-BF4B-00C04F79EFBC}") = "Demo8_5", "Demo8_5\Demo8_5.csproj", "{1FC11675-62E0-4B26-84F3-931D06133FB4}"
EndProject
Project("{FAE04EC0-301F-11D3-BF4B-00C04F79EFBC}") = "Demo8_6", "Demo8_6\Demo8_6.csproj", "{55F9E697-25E8-458D-9882-D63C130241CF}"
EndProject
Global
	GlobalSection(SolutionConfigurationPlatforms) = preSolution
		Debug|Any CPU = Debug|Any CPU
		Release|Any CPU = Release|Any CPU
	EndGlobalSection
	GlobalSection(ProjectConfigurationPlatforms) = postSolution
		{A1564543-13DA-40C1-A972-BAA42D047B63}.Debug|Any CPU.ActiveCfg = Debug|Any CPU
		{A1564543-13DA-40C1-A972-BAA42D047B63}.Debug|Any CPU.Build.0 = Debug|Any CPU
		{A1564543-13DA-40C1-A972-BAA42D047B63}.Release|Any CPU.ActiveCfg = Release|Any CPU
		{A1564543-13DA-40C1-A972-BAA42D047B63}.Release|Any CPU.Build.0 = Release|Any CPU
		{684555A9-1E38-4DEE-8FDF-790CC8347A7E}.Debug|Any CPU.ActiveCfg = Debug|Any CPU
		{684555A9-1E38-4DEE-8FDF-790CC8347A7E}.Debug|Any CPU.Build.0 = Debug|Any CPU
		{684555A9-1E38-4DEE-8FDF-790CC8347A7E}.Release|Any CPU.ActiveCfg = Release|Any CPU
		{684555A9-1E38-4DEE-8FDF-790CC8347A7E}.Release|Any CPU.Build.0 = Release|Any CPU
		{1FC11675-62E0-4B26-84F3-931D06133FB4}.Debug|Any CPU.ActiveCfg = Debug|Any CPU
		{1FC11675-62E0-4B26-84F3-931D06133FB4}.Debug|Any CPU.Build.0 = Debug|Any CPU
		{1FC11675-62E0-4B26-84F3-931D06133FB4}.Release|Any CPU.ActiveCfg = Release|Any CPU
		{1FC11675-62E0-4B26-84F3-931D06133FB4}.Release|Any CPU.Build.0 = Release|Any CPU
		{55F9E697-25E8-458D-9882-D63C130241CF}.Debug|Any CPU.ActiveCfg = Debug|Any CPU
		{55F9E697-25E8-458D-9882-D63C130241CF}.Debug|Any CPU.Build.0 = Debug|Any CPU
		{55F9E697-25E8-458D-9882-D63C130241CF}.Release|Any CPU.ActiveCfg = Release|Any CPU
		{55F9E697-25E8-458D-9882-D63C130241CF}.Release|Any CPU.Build.0 = Release|Any CPU
	EndGlobalSection
	GlobalSection(SolutionProperties) = preSolution
		HideSolutionNode = FALSE
	EndGlobalSection
EndGlobal
