
Microsoft Visual Studio Solution File, Format Version 12.00
# Visual Studio 14
VisualStudioVersion = 14.0.23107.0
MinimumVisualStudioVersion = 10.0.40219.1
Project("{FAE04EC0-301F-11D3-BF4B-00C04F79EFBC}") = "Demo4_5", "Demo4_5\Demo4_5.csproj", "{5FE60264-AC4F-4644-8ED5-2023E44C3958}"
EndProject
Project("{FAE04EC0-301F-11D3-BF4B-00C04F79EFBC}") = "Demo4_6", "Demo4_6\Demo4_6.csproj", "{72B61C3E-F647-433C-857A-7111033B6714}"
EndProject
Global
	GlobalSection(SolutionConfigurationPlatforms) = preSolution
		Debug|Any CPU = Debug|Any CPU
		Release|Any CPU = Release|Any CPU
	EndGlobalSection
	GlobalSection(ProjectConfigurationPlatforms) = postSolution
		{5FE60264-AC4F-4644-8ED5-2023E44C3958}.Debug|Any CPU.ActiveCfg = Debug|Any CPU
		{5FE60264-AC4F-4644-8ED5-2023E44C3958}.Debug|Any CPU.Build.0 = Debug|Any CPU
		{5FE60264-AC4F-4644-8ED5-2023E44C3958}.Release|Any CPU.ActiveCfg = Release|Any CPU
		{5FE60264-AC4F-4644-8ED5-2023E44C3958}.Release|Any CPU.Build.0 = Release|Any CPU
		{72B61C3E-F647-433C-857A-7111033B6714}.Debug|Any CPU.ActiveCfg = Debug|Any CPU
		{72B61C3E-F647-433C-857A-7111033B6714}.Debug|Any CPU.Build.0 = Debug|Any CPU
		{72B61C3E-F647-433C-857A-7111033B6714}.Release|Any CPU.ActiveCfg = Release|Any CPU
		{72B61C3E-F647-433C-857A-7111033B6714}.Release|Any CPU.Build.0 = Release|Any CPU
	EndGlobalSection
	GlobalSection(SolutionProperties) = preSolution
		HideSolutionNode = FALSE
	EndGlobalSection
EndGlobal
