
Microsoft Visual Studio Solution File, Format Version 12.00
# Visual Studio 14
VisualStudioVersion = 14.0.23107.0
MinimumVisualStudioVersion = 10.0.40219.1
Project("{FAE04EC0-301F-11D3-BF4B-00C04F79EFBC}") = "Demo3_4", "Demo3_4\Demo3_4.csproj", "{037E3F8B-B432-48D2-845C-C2A3A4FF26E0}"
EndProject
Project("{FAE04EC0-301F-11D3-BF4B-00C04F79EFBC}") = "Demo3_5", "Demo3_5\Demo3_5.csproj", "{CE8C14C6-9447-443F-9BFC-B54838C9B52A}"
EndProject
Project("{FAE04EC0-301F-11D3-BF4B-00C04F79EFBC}") = "Demo3_6", "Demo3_6\Demo3_6.csproj", "{6816EDC9-63C9-4BC5-9B34-6718DA2E1669}"
EndProject
Global
	GlobalSection(SolutionConfigurationPlatforms) = preSolution
		Debug|Any CPU = Debug|Any CPU
		Release|Any CPU = Release|Any CPU
	EndGlobalSection
	GlobalSection(ProjectConfigurationPlatforms) = postSolution
		{037E3F8B-B432-48D2-845C-C2A3A4FF26E0}.Debug|Any CPU.ActiveCfg = Debug|Any CPU
		{037E3F8B-B432-48D2-845C-C2A3A4FF26E0}.Debug|Any CPU.Build.0 = Debug|Any CPU
		{037E3F8B-B432-48D2-845C-C2A3A4FF26E0}.Release|Any CPU.ActiveCfg = Release|Any CPU
		{037E3F8B-B432-48D2-845C-C2A3A4FF26E0}.Release|Any CPU.Build.0 = Release|Any CPU
		{CE8C14C6-9447-443F-9BFC-B54838C9B52A}.Debug|Any CPU.ActiveCfg = Debug|Any CPU
		{CE8C14C6-9447-443F-9BFC-B54838C9B52A}.Debug|Any CPU.Build.0 = Debug|Any CPU
		{CE8C14C6-9447-443F-9BFC-B54838C9B52A}.Release|Any CPU.ActiveCfg = Release|Any CPU
		{CE8C14C6-9447-443F-9BFC-B54838C9B52A}.Release|Any CPU.Build.0 = Release|Any CPU
		{6816EDC9-63C9-4BC5-9B34-6718DA2E1669}.Debug|Any CPU.ActiveCfg = Debug|Any CPU
		{6816EDC9-63C9-4BC5-9B34-6718DA2E1669}.Debug|Any CPU.Build.0 = Debug|Any CPU
		{6816EDC9-63C9-4BC5-9B34-6718DA2E1669}.Release|Any CPU.ActiveCfg = Release|Any CPU
		{6816EDC9-63C9-4BC5-9B34-6718DA2E1669}.Release|Any CPU.Build.0 = Release|Any CPU
	EndGlobalSection
	GlobalSection(SolutionProperties) = preSolution
		HideSolutionNode = FALSE
	EndGlobalSection
EndGlobal
